// !$*UTF8*$!
{
	archiveVersion = 1;
	classes = {
	};
	objectVersion = 56;
	objects = {

/* Begin PBXBuildFile section */
		C4FC956F2AC26819004F6C4D /* RickAndMortyApp.swift in Sources */ = {isa = PBXBuildFile; fileRef = C4FC956E2AC26819004F6C4D /* RickAndMortyApp.swift */; };
		C4FC95712AC26819004F6C4D /* ContentView.swift in Sources */ = {isa = PBXBuildFile; fileRef = C4FC95702AC26819004F6C4D /* ContentView.swift */; };
		C4FC95732AC2681B004F6C4D /* Assets.xcassets in Resources */ = {isa = PBXBuildFile; fileRef = C4FC95722AC2681B004F6C4D /* Assets.xcassets */; };
		C4FC95762AC2681B004F6C4D /* Preview Assets.xcassets in Resources */ = {isa = PBXBuildFile; fileRef = C4FC95752AC2681B004F6C4D /* Preview Assets.xcassets */; };
		C4FC95802AC2681B004F6C4D /* RickAndMortyTests.swift in Sources */ = {isa = PBXBuildFile; fileRef = C4FC957F2AC2681B004F6C4D /* RickAndMortyTests.swift */; };
		C4FC958A2AC2681B004F6C4D /* RickAndMortyUITests.swift in Sources */ = {isa = PBXBuildFile; fileRef = C4FC95892AC2681B004F6C4D /* RickAndMortyUITests.swift */; };
		C4FC958C2AC2681B004F6C4D /* RickAndMortyUITestsLaunchTests.swift in Sources */ = {isa = PBXBuildFile; fileRef = C4FC958B2AC2681B004F6C4D /* RickAndMortyUITestsLaunchTests.swift */; };
/* End PBXBuildFile section */

/* Begin PBXContainerItemProxy section */
		C4FC957C2AC2681B004F6C4D /* PBXContainerItemProxy */ = {
			isa = PBXContainerItemProxy;
			containerPortal = C4FC95632AC26819004F6C4D /* Project object */;
			proxyType = 1;
			remoteGlobalIDString = C4FC956A2AC26819004F6C4D;
			remoteInfo = RickAndMorty;
		};
		C4FC95862AC2681B004F6C4D /* PBXContainerItemProxy */ = {
			isa = PBXContainerItemProxy;
			containerPortal = C4FC95632AC26819004F6C4D /* Project object */;
			proxyType = 1;
			remoteGlobalIDString = C4FC956A2AC26819004F6C4D;
			remoteInfo = RickAndMorty;
		};
/* End PBXContainerItemProxy section */

/* Begin PBXFileReference section */
		C4FC956B2AC26819004F6C4D /* RickAndMorty.app */ = {isa = PBXFileReference; explicitFileType = wrapper.application; includeInIndex = 0; path = RickAndMorty.app; sourceTree = BUILT_PRODUCTS_DIR; };
		C4FC956E2AC26819004F6C4D /* RickAndMortyApp.swift */ = {isa = PBXFileReference; lastKnownFileType = sourcecode.swift; path = RickAndMortyApp.swift; sourceTree = "<group>"; };
		C4FC95702AC26819004F6C4D /* ContentView.swift */ = {isa = PBXFileReference; lastKnownFileType = sourcecode.swift; path = ContentView.swift; sourceTree = "<group>"; };
		C4FC95722AC2681B004F6C4D /* Assets.xcassets */ = {isa = PBXFileReference; lastKnownFileType = folder.assetcatalog; path = Assets.xcassets; sourceTree = "<group>"; };
		C4FC95752AC2681B004F6C4D /* Preview Assets.xcassets */ = {isa = PBXFileReference; lastKnownFileType = folder.assetcatalog; path = "Preview Assets.xcassets"; sourceTree = "<group>"; };
		C4FC957B2AC2681B004F6C4D /* RickAndMortyTests.xctest */ = {isa = PBXFileReference; explicitFileType = wrapper.cfbundle; includeInIndex = 0; path = RickAndMortyTests.xctest; sourceTree = BUILT_PRODUCTS_DIR; };
		C4FC957F2AC2681B004F6C4D /* RickAndMortyTests.swift */ = {isa = PBXFileReference; lastKnownFileType = sourcecode.swift; path = RickAndMortyTests.swift; sourceTree = "<group>"; };
		C4FC95852AC2681B004F6C4D /* RickAndMortyUITests.xctest */ = {isa = PBXFileReference; explicitFileType = wrapper.cfbundle; includeInIndex = 0; path = RickAndMortyUITests.xctest; sourceTree = BUILT_PRODUCTS_DIR; };
		C4FC95892AC2681B004F6C4D /* RickAndMortyUITests.swift */ = {isa = PBXFileReference; lastKnownFileType = sourcecode.swift; path = RickAndMortyUITests.swift; sourceTree = "<group>"; };
		C4FC958B2AC2681B004F6C4D /* RickAndMortyUITestsLaunchTests.swift */ = {isa = PBXFileReference; lastKnownFileType = sourcecode.swift; path = RickAndMortyUITestsLaunchTests.swift; sourceTree = "<group>"; };
/* End PBXFileReference section */

/* Begin PBXFrameworksBuildPhase section */
		C4FC95682AC26819004F6C4D /* Frameworks */ = {
			isa = PBXFrameworksBuildPhase;
			buildActionMask = 2147483647;
			files = (
			);
			runOnlyForDeploymentPostprocessing = 0;
		};
		C4FC95782AC2681B004F6C4D /* Frameworks */ = {
			isa = PBXFrameworksBuildPhase;
			buildActionMask = 2147483647;
			files = (
			);
			runOnlyForDeploymentPostprocessing = 0;
		};
		C4FC95822AC2681B004F6C4D /* Frameworks */ = {
			isa = PBXFrameworksBuildPhase;
			buildActionMask = 2147483647;
			files = (
			);
			runOnlyForDeploymentPostprocessing = 0;
		};
/* End PBXFrameworksBuildPhase section */

/* Begin PBXGroup section */
		C4FC95622AC26819004F6C4D = {
			isa = PBXGroup;
			children = (
				C4FC956D2AC26819004F6C4D /* RickAndMorty */,
				C4FC957E2AC2681B004F6C4D /* RickAndMortyTests */,
				C4FC95882AC2681B004F6C4D /* RickAndMortyUITests */,
				C4FC956C2AC26819004F6C4D /* Products */,
			);
			sourceTree = "<group>";
		};
		C4FC956C2AC26819004F6C4D /* Products */ = {
			isa = PBXGroup;
			children = (
				C4FC956B2AC26819004F6C4D /* RickAndMorty.app */,
				C4FC957B2AC2681B004F6C4D /* RickAndMortyTests.xctest */,
				C4FC95852AC2681B004F6C4D /* RickAndMortyUITests.xctest */,
			);
			name = Products;
			sourceTree = "<group>";
		};
		C4FC956D2AC26819004F6C4D /* RickAndMorty */ = {
			isa = PBXGroup;
			children = (
				C4FC956E2AC26819004F6C4D /* RickAndMortyApp.swift */,
				C4FC95702AC26819004F6C4D /* ContentView.swift */,
				C4FC95722AC2681B004F6C4D /* Assets.xcassets */,
				C4FC95742AC2681B004F6C4D /* Preview Content */,
			);
			path = RickAndMorty;
			sourceTree = "<group>";
		};
		C4FC95742AC2681B004F6C4D /* Preview Content */ = {
			isa = PBXGroup;
			children = (
				C4FC95752AC2681B004F6C4D /* Preview Assets.xcassets */,
			);
			path = "Preview Content";
			sourceTree = "<group>";
		};
		C4FC957E2AC2681B004F6C4D /* RickAndMortyTests */ = {
			isa = PBXGroup;
			children = (
				C4FC957F2AC2681B004F6C4D /* RickAndMortyTests.swift */,
			);
			path = RickAndMortyTests;
			sourceTree = "<group>";
		};
		C4FC95882AC2681B004F6C4D /* RickAndMortyUITests */ = {
			isa = PBXGroup;
			children = (
				C4FC95892AC2681B004F6C4D /* RickAndMortyUITests.swift */,
				C4FC958B2AC2681B004F6C4D /* RickAndMortyUITestsLaunchTests.swift */,
			);
			path = RickAndMortyUITests;
			sourceTree = "<group>";
		};
/* End PBXGroup section */

/* Begin PBXNativeTarget section */
		C4FC956A2AC26819004F6C4D /* RickAndMorty */ = {
			isa = PBXNativeTarget;
			buildConfigurationList = C4FC958F2AC2681B004F6C4D /* Build configuration list for PBXNativeTarget "RickAndMorty" */;
			buildPhases = (
				C4FC95672AC26819004F6C4D /* Sources */,
				C4FC95682AC26819004F6C4D /* Frameworks */,
				C4FC95692AC26819004F6C4D /* Resources */,
			);
			buildRules = (
			);
			dependencies = (
			);
			name = RickAndMorty;
			productName = RickAndMorty;
			productReference = C4FC956B2AC26819004F6C4D /* RickAndMorty.app */;
			productType = "com.apple.product-type.application";
		};
		C4FC957A2AC2681B004F6C4D /* RickAndMortyTests */ = {
			isa = PBXNativeTarget;
			buildConfigurationList = C4FC95922AC2681B004F6C4D /* Build configuration list for PBXNativeTarget "RickAndMortyTests" */;
			buildPhases = (
				C4FC95772AC2681B004F6C4D /* Sources */,
				C4FC95782AC2681B004F6C4D /* Frameworks */,
				C4FC95792AC2681B004F6C4D /* Resources */,
			);
			buildRules = (
			);
			dependencies = (
				C4FC957D2AC2681B004F6C4D /* PBXTargetDependency */,
			);
			name = RickAndMortyTests;
			productName = RickAndMortyTests;
			productReference = C4FC957B2AC2681B004F6C4D /* RickAndMortyTests.xctest */;
			productType = "com.apple.product-type.bundle.unit-test";
		};
		C4FC95842AC2681B004F6C4D /* RickAndMortyUITests */ = {
			isa = PBXNativeTarget;
			buildConfigurationList = C4FC95952AC2681B004F6C4D /* Build configuration list for PBXNativeTarget "RickAndMortyUITests" */;
			buildPhases = (
				C4FC95812AC2681B004F6C4D /* Sources */,
				C4FC95822AC2681B004F6C4D /* Frameworks */,
				C4FC95832AC2681B004F6C4D /* Resources */,
			);
			buildRules = (
			);
			dependencies = (
				C4FC95872AC2681B004F6C4D /* PBXTargetDependency */,
			);
			name = RickAndMortyUITests;
			productName = RickAndMortyUITests;
			productReference = C4FC95852AC2681B004F6C4D /* RickAndMortyUITests.xctest */;
			productType = "com.apple.product-type.bundle.ui-testing";
		};
/* End PBXNativeTarget section */

/* Begin PBXProject section */
		C4FC95632AC26819004F6C4D /* Project object */ = {
			isa = PBXProject;
			attributes = {
				BuildIndependentTargetsInParallel = 1;
				LastSwiftUpdateCheck = 1500;
				LastUpgradeCheck = 1500;
				TargetAttributes = {
					C4FC956A2AC26819004F6C4D = {
						CreatedOnToolsVersion = 15.0;
					};
					C4FC957A2AC2681B004F6C4D = {
						CreatedOnToolsVersion = 15.0;
						TestTargetID = C4FC956A2AC26819004F6C4D;
					};
					C4FC95842AC2681B004F6C4D = {
						CreatedOnToolsVersion = 15.0;
						TestTargetID = C4FC956A2AC26819004F6C4D;
					};
				};
			};
			buildConfigurationList = C4FC95662AC26819004F6C4D /* Build configuration list for PBXProject "RickAndMorty" */;
			compatibilityVersion = "Xcode 14.0";
			developmentRegion = en;
			hasScannedForEncodings = 0;
			knownRegions = (
				en,
				Base,
			);
			mainGroup = C4FC95622AC26819004F6C4D;
			productRefGroup = C4FC956C2AC26819004F6C4D /* Products */;
			projectDirPath = "";
			projectRoot = "";
			targets = (
				C4FC956A2AC26819004F6C4D /* RickAndMorty */,
				C4FC957A2AC2681B004F6C4D /* RickAndMortyTests */,
				C4FC95842AC2681B004F6C4D /* RickAndMortyUITests */,
			);
		};
/* End PBXProject section */

/* Begin PBXResourcesBuildPhase section */
		C4FC95692AC26819004F6C4D /* Resources */ = {
			isa = PBXResourcesBuildPhase;
			buildActionMask = 2147483647;
			files = (
				C4FC95762AC2681B004F6C4D /* Preview Assets.xcassets in Resources */,
				C4FC95732AC2681B004F6C4D /* Assets.xcassets in Resources */,
			);
			runOnlyForDeploymentPostprocessing = 0;
		};
		C4FC95792AC2681B004F6C4D /* Resources */ = {
			isa = PBXResourcesBuildPhase;
			buildActionMask = 2147483647;
			files = (
			);
			runOnlyForDeploymentPostprocessing = 0;
		};
		C4FC95832AC2681B004F6C4D /* Resources */ = {
			isa = PBXResourcesBuildPhase;
			buildActionMask = 2147483647;
			files = (
			);
			runOnlyForDeploymentPostprocessing = 0;
		};
/* End PBXResourcesBuildPhase section */

/* Begin PBXSourcesBuildPhase section */
		C4FC95672AC26819004F6C4D /* Sources */ = {
			isa = PBXSourcesBuildPhase;
			buildActionMask = 2147483647;
			files = (
				C4FC95712AC26819004F6C4D /* ContentView.swift in Sources */,
				C4FC956F2AC26819004F6C4D /* RickAndMortyApp.swift in Sources */,
			);
			runOnlyForDeploymentPostprocessing = 0;
		};
		C4FC95772AC2681B004F6C4D /* Sources */ = {
			isa = PBXSourcesBuildPhase;
			buildActionMask = 2147483647;
			files = (
				C4FC95802AC2681B004F6C4D /* RickAndMortyTests.swift in Sources */,
			);
			runOnlyForDeploymentPostprocessing = 0;
		};
		C4FC95812AC2681B004F6C4D /* Sources */ = {
			isa = PBXSourcesBuildPhase;
			buildActionMask = 2147483647;
			files = (
				C4FC958A2AC2681B004F6C4D /* RickAndMortyUITests.swift in Sources */,
				C4FC958C2AC2681B004F6C4D /* RickAndMortyUITestsLaunchTests.swift in Sources */,
			);
			runOnlyForDeploymentPostprocessing = 0;
		};
/* End PBXSourcesBuildPhase section */

/* Begin PBXTargetDependency section */
		C4FC957D2AC2681B004F6C4D /* PBXTargetDependency */ = {
			isa = PBXTargetDependency;
			target = C4FC956A2AC26819004F6C4D /* RickAndMorty */;
			targetProxy = C4FC957C2AC2681B004F6C4D /* PBXContainerItemProxy */;
		};
		C4FC95872AC2681B004F6C4D /* PBXTargetDependency */ = {
			isa = PBXTargetDependency;
			target = C4FC956A2AC26819004F6C4D /* RickAndMorty */;
			targetProxy = C4FC95862AC2681B004F6C4D /* PBXContainerItemProxy */;
		};
/* End PBXTargetDependency section */

/* Begin XCBuildConfiguration section */
		C4FC958D2AC2681B004F6C4D /* Debug */ = {
			isa = XCBuildConfiguration;
			buildSettings = {
				ALWAYS_SEARCH_USER_PATHS = NO;
				ASSETCATALOG_COMPILER_GENERATE_SWIFT_ASSET_SYMBOL_EXTENSIONS = YES;
				CLANG_ANALYZER_NONNULL = YES;
				CLANG_ANALYZER_NUMBER_OBJECT_CONVERSION = YES_AGGRESSIVE;
				CLANG_CXX_LANGUAGE_STANDARD = "gnu++20";
				CLANG_ENABLE_MODULES = YES;
				CLANG_ENABLE_OBJC_ARC = YES;
				CLANG_ENABLE_OBJC_WEAK = YES;
				CLANG_WARN_BLOCK_CAPTURE_AUTORELEASING = YES;
				CLANG_WARN_BOOL_CONVERSION = YES;
				CLANG_WARN_COMMA = YES;
				CLANG_WARN_CONSTANT_CONVERSION = YES;
				CLANG_WARN_DEPRECATED_OBJC_IMPLEMENTATIONS = YES;
				CLANG_WARN_DIRECT_OBJC_ISA_USAGE = YES_ERROR;
				CLANG_WARN_DOCUMENTATION_COMMENTS = YES;
				CLANG_WARN_EMPTY_BODY = YES;
				CLANG_WARN_ENUM_CONVERSION = YES;
				CLANG_WARN_INFINITE_RECURSION = YES;
				CLANG_WARN_INT_CONVERSION = YES;
				CLANG_WARN_NON_LITERAL_NULL_CONVERSION = YES;
				CLANG_WARN_OBJC_IMPLICIT_RETAIN_SELF = YES;
				CLANG_WARN_OBJC_LITERAL_CONVERSION = YES;
				CLANG_WARN_OBJC_ROOT_CLASS = YES_ERROR;
				CLANG_WARN_QUOTED_INCLUDE_IN_FRAMEWORK_HEADER = YES;
				CLANG_WARN_RANGE_LOOP_ANALYSIS = YES;
				CLANG_WARN_STRICT_PROTOTYPES = YES;
				CLANG_WARN_SUSPICIOUS_MOVE = YES;
				CLANG_WARN_UNGUARDED_AVAILABILITY = YES_AGGRESSIVE;
				CLANG_WARN_UNREACHABLE_CODE = YES;
				CLANG_WARN__DUPLICATE_METHOD_MATCH = YES;
				COPY_PHASE_STRIP = NO;
				DEBUG_INFORMATION_FORMAT = dwarf;
				ENABLE_STRICT_OBJC_MSGSEND = YES;
				ENABLE_TESTABILITY = YES;
				ENABLE_USER_SCRIPT_SANDBOXING = YES;
				GCC_C_LANGUAGE_STANDARD = gnu17;
				GCC_DYNAMIC_NO_PIC = NO;
				GCC_NO_COMMON_BLOCKS = YES;
				GCC_OPTIMIZATION_LEVEL = 0;
				GCC_PREPROCESSOR_DEFINITIONS = (
					"DEBUG=1",
					"$(inherited)",
				);
				GCC_WARN_64_TO_32_BIT_CONVERSION = YES;
				GCC_WARN_ABOUT_RETURN_TYPE = YES_ERROR;
				GCC_WARN_UNDECLARED_SELECTOR = YES;
				GCC_WARN_UNINITIALIZED_AUTOS = YES_AGGRESSIVE;
				GCC_WARN_UNUSED_FUNCTION = YES;
				GCC_WARN_UNUSED_VARIABLE = YES;
				IPHONEOS_DEPLOYMENT_TARGET = 17.0;
				LOCALIZATION_PREFERS_STRING_CATALOGS = YES;
				MTL_ENABLE_DEBUG_INFO = INCLUDE_SOURCE;
				MTL_FAST_MATH = YES;
				ONLY_ACTIVE_ARCH = YES;
				SDKROOT = iphoneos;
				SWIFT_ACTIVE_COMPILATION_CONDITIONS = "DEBUG $(inherited)";
				SWIFT_OPTIMIZATION_LEVEL = "-Onone";
			};
			name = Debug;
		};
		C4FC958E2AC2681B004F6C4D /* Release */ = {
			isa = XCBuildConfiguration;
			buildSettings = {
				ALWAYS_SEARCH_USER_PATHS = NO;
				ASSETCATALOG_COMPILER_GENERATE_SWIFT_ASSET_SYMBOL_EXTENSIONS = YES;
				CLANG_ANALYZER_NONNULL = YES;
				CLANG_ANALYZER_NUMBER_OBJECT_CONVERSION = YES_AGGRESSIVE;
				CLANG_CXX_LANGUAGE_STANDARD = "gnu++20";
				CLANG_ENABLE_MODULES = YES;
				CLANG_ENABLE_OBJC_ARC = YES;
				CLANG_ENABLE_OBJC_WEAK = YES;
				CLANG_WARN_BLOCK_CAPTURE_AUTORELEASING = YES;
				CLANG_WARN_BOOL_CONVERSION = YES;
				CLANG_WARN_COMMA = YES;
				CLANG_WARN_CONSTANT_CONVERSION = YES;
				CLANG_WARN_DEPRECATED_OBJC_IMPLEMENTATIONS = YES;
				CLANG_WARN_DIRECT_OBJC_ISA_USAGE = YES_ERROR;
				CLANG_WARN_DOCUMENTATION_COMMENTS = YES;
				CLANG_WARN_EMPTY_BODY = YES;
				CLANG_WARN_ENUM_CONVERSION = YES;
				CLANG_WARN_INFINITE_RECURSION = YES;
				CLANG_WARN_INT_CONVERSION = YES;
				CLANG_WARN_NON_LITERAL_NULL_CONVERSION = YES;
				CLANG_WARN_OBJC_IMPLICIT_RETAIN_SELF = YES;
				CLANG_WARN_OBJC_LITERAL_CONVERSION = YES;
				CLANG_WARN_OBJC_ROOT_CLASS = YES_ERROR;
				CLANG_WARN_QUOTED_INCLUDE_IN_FRAMEWORK_HEADER = YES;
				CLANG_WARN_RANGE_LOOP_ANALYSIS = YES;
				CLANG_WARN_STRICT_PROTOTYPES = YES;
				CLANG_WARN_SUSPICIOUS_MOVE = YES;
				CLANG_WARN_UNGUARDED_AVAILABILITY = YES_AGGRESSIVE;
				CLANG_WARN_UNREACHABLE_CODE = YES;
				CLANG_WARN__DUPLICATE_METHOD_MATCH = YES;
				COPY_PHASE_STRIP = NO;
				DEBUG_INFORMATION_FORMAT = "dwarf-with-dsym";
				ENABLE_NS_ASSERTIONS = NO;
				ENABLE_STRICT_OBJC_MSGSEND = YES;
				ENABLE_USER_SCRIPT_SANDBOXING = YES;
				GCC_C_LANGUAGE_STANDARD = gnu17;
				GCC_NO_COMMON_BLOCKS = YES;
				GCC_WARN_64_TO_32_BIT_CONVERSION = YES;
				GCC_WARN_ABOUT_RETURN_TYPE = YES_ERROR;
				GCC_WARN_UNDECLARED_SELECTOR = YES;
				GCC_WARN_UNINITIALIZED_AUTOS = YES_AGGRESSIVE;
				GCC_WARN_UNUSED_FUNCTION = YES;
				GCC_WARN_UNUSED_VARIABLE = YES;
				IPHONEOS_DEPLOYMENT_TARGET = 17.0;
				LOCALIZATION_PREFERS_STRING_CATALOGS = YES;
				MTL_ENABLE_DEBUG_INFO = NO;
				MTL_FAST_MATH = YES;
				SDKROOT = iphoneos;
				SWIFT_COMPILATION_MODE = wholemodule;
				VALIDATE_PRODUCT = YES;
			};
			name = Release;
		};
		C4FC95902AC2681B004F6C4D /* Debug */ = {
			isa = XCBuildConfiguration;
			buildSettings = {
				ASSETCATALOG_COMPILER_APPICON_NAME = AppIcon;
				ASSETCATALOG_COMPILER_GLOBAL_ACCENT_COLOR_NAME = AccentColor;
				CODE_SIGN_STYLE = Automatic;
				CURRENT_PROJECT_VERSION = 1;
				DEVELOPMENT_ASSET_PATHS = "\"RickAndMorty/Preview Content\"";
				DEVELOPMENT_TEAM = 73A3QCVC2H;
				ENABLE_PREVIEWS = YES;
				GENERATE_INFOPLIST_FILE = YES;
				INFOPLIST_KEY_UIApplicationSceneManifest_Generation = YES;
				INFOPLIST_KEY_UIApplicationSupportsIndirectInputEvents = YES;
				INFOPLIST_KEY_UILaunchScreen_Generation = YES;
				INFOPLIST_KEY_UISupportedInterfaceOrientations_iPad = "UIInterfaceOrientationPortrait UIInterfaceOrientationPortraitUpsideDown UIInterfaceOrientationLandscapeLeft UIInterfaceOrientationLandscapeRight";
				INFOPLIST_KEY_UISupportedInterfaceOrientations_iPhone = "UIInterfaceOrientationPortrait UIInterfaceOrientationLandscapeLeft UIInterfaceOrientationLandscapeRight";
				LD_RUNPATH_SEARCH_PATHS = (
					"$(inherited)",
					"@executable_path/Frameworks",
				);
				MARKETING_VERSION = 1.0;
				PRODUCT_BUNDLE_IDENTIFIER = com.quimalabs.RickAndMorty;
				PRODUCT_NAME = "$(TARGET_NAME)";
				SWIFT_EMIT_LOC_STRINGS = YES;
				SWIFT_VERSION = 5.0;
				TARGETED_DEVICE_FAMILY = "1,2";
			};
			name = Debug;
		};
		C4FC95912AC2681B004F6C4D /* Release */ = {
			isa = XCBuildConfiguration;
			buildSettings = {
				ASSETCATALOG_COMPILER_APPICON_NAME = AppIcon;
				ASSETCATALOG_COMPILER_GLOBAL_ACCENT_COLOR_NAME = AccentColor;
				CODE_SIGN_STYLE = Automatic;
				CURRENT_PROJECT_VERSION = 1;
				DEVELOPMENT_ASSET_PATHS = "\"RickAndMorty/Preview Content\"";
				DEVELOPMENT_TEAM = 73A3QCVC2H;
				ENABLE_PREVIEWS = YES;
				GENERATE_INFOPLIST_FILE = YES;
				INFOPLIST_KEY_UIApplicationSceneManifest_Generation = YES;
				INFOPLIST_KEY_UIApplicationSupportsIndirectInputEvents = YES;
				INFOPLIST_KEY_UILaunchScreen_Generation = YES;
				INFOPLIST_KEY_UISupportedInterfaceOrientations_iPad = "UIInterfaceOrientationPortrait UIInterfaceOrientationPortraitUpsideDown UIInterfaceOrientationLandscapeLeft UIInterfaceOrientationLandscapeRight";
				INFOPLIST_KEY_UISupportedInterfaceOrientations_iPhone = "UIInterfaceOrientationPortrait UIInterfaceOrientationLandscapeLeft UIInterfaceOrientationLandscapeRight";
				LD_RUNPATH_SEARCH_PATHS = (
					"$(inherited)",
					"@executable_path/Frameworks",
				);
				MARKETING_VERSION = 1.0;
				PRODUCT_BUNDLE_IDENTIFIER = com.quimalabs.RickAndMorty;
				PRODUCT_NAME = "$(TARGET_NAME)";
				SWIFT_EMIT_LOC_STRINGS = YES;
				SWIFT_VERSION = 5.0;
				TARGETED_DEVICE_FAMILY = "1,2";
			};
			name = Release;
		};
		C4FC95932AC2681B004F6C4D /* Debug */ = {
			isa = XCBuildConfiguration;
			buildSettings = {
				ALWAYS_EMBED_SWIFT_STANDARD_LIBRARIES = YES;
				BUNDLE_LOADER = "$(TEST_HOST)";
				CODE_SIGN_STYLE = Automatic;
				CURRENT_PROJECT_VERSION = 1;
				DEVELOPMENT_TEAM = 73A3QCVC2H;
				GENERATE_INFOPLIST_FILE = YES;
				IPHONEOS_DEPLOYMENT_TARGET = 17.0;
				MARKETING_VERSION = 1.0;
				PRODUCT_BUNDLE_IDENTIFIER = com.quimalabs.RickAndMortyTests;
				PRODUCT_NAME = "$(TARGET_NAME)";
				SWIFT_EMIT_LOC_STRINGS = NO;
				SWIFT_VERSION = 5.0;
				TARGETED_DEVICE_FAMILY = "1,2";
				TEST_HOST = "$(BUILT_PRODUCTS_DIR)/RickAndMorty.app/$(BUNDLE_EXECUTABLE_FOLDER_PATH)/RickAndMorty";
			};
			name = Debug;
		};
		C4FC95942AC2681B004F6C4D /* Release */ = {
			isa = XCBuildConfiguration;
			buildSettings = {
				ALWAYS_EMBED_SWIFT_STANDARD_LIBRARIES = YES;
				BUNDLE_LOADER = "$(TEST_HOST)";
				CODE_SIGN_STYLE = Automatic;
				CURRENT_PROJECT_VERSION = 1;
				DEVELOPMENT_TEAM = 73A3QCVC2H;
				GENERATE_INFOPLIST_FILE = YES;
				IPHONEOS_DEPLOYMENT_TARGET = 17.0;
				MARKETING_VERSION = 1.0;
				PRODUCT_BUNDLE_IDENTIFIER = com.quimalabs.RickAndMortyTests;
				PRODUCT_NAME = "$(TARGET_NAME)";
				SWIFT_EMIT_LOC_STRINGS = NO;
				SWIFT_VERSION = 5.0;
				TARGETED_DEVICE_FAMILY = "1,2";
				TEST_HOST = "$(BUILT_PRODUCTS_DIR)/RickAndMorty.app/$(BUNDLE_EXECUTABLE_FOLDER_PATH)/RickAndMorty";
			};
			name = Release;
		};
		C4FC95962AC2681B004F6C4D /* Debug */ = {
			isa = XCBuildConfiguration;
			buildSettings = {
				ALWAYS_EMBED_SWIFT_STANDARD_LIBRARIES = YES;
				CODE_SIGN_STYLE = Automatic;
				CURRENT_PROJECT_VERSION = 1;
				DEVELOPMENT_TEAM = 73A3QCVC2H;
				GENERATE_INFOPLIST_FILE = YES;
				MARKETING_VERSION = 1.0;
				PRODUCT_BUNDLE_IDENTIFIER = com.quimalabs.RickAndMortyUITests;
				PRODUCT_NAME = "$(TARGET_NAME)";
				SWIFT_EMIT_LOC_STRINGS = NO;
				SWIFT_VERSION = 5.0;
				TARGETED_DEVICE_FAMILY = "1,2";
				TEST_TARGET_NAME = RickAndMorty;
			};
			name = Debug;
		};
		C4FC95972AC2681B004F6C4D /* Release */ = {
			isa = XCBuildConfiguration;
			buildSettings = {
				ALWAYS_EMBED_SWIFT_STANDARD_LIBRARIES = YES;
				CODE_SIGN_STYLE = Automatic;
				CURRENT_PROJECT_VERSION = 1;
				DEVELOPMENT_TEAM = 73A3QCVC2H;
				GENERATE_INFOPLIST_FILE = YES;
				MARKETING_VERSION = 1.0;
				PRODUCT_BUNDLE_IDENTIFIER = com.quimalabs.RickAndMortyUITests;
				PRODUCT_NAME = "$(TARGET_NAME)";
				SWIFT_EMIT_LOC_STRINGS = NO;
				SWIFT_VERSION = 5.0;
				TARGETED_DEVICE_FAMILY = "1,2";
				TEST_TARGET_NAME = RickAndMorty;
			};
			name = Release;
		};
/* End XCBuildConfiguration section */

/* Begin XCConfigurationList section */
		C4FC95662AC26819004F6C4D /* Build configuration list for PBXProject "RickAndMorty" */ = {
			isa = XCConfigurationList;
			buildConfigurations = (
				C4FC958D2AC2681B004F6C4D /* Debug */,
				C4FC958E2AC2681B004F6C4D /* Release */,
			);
			defaultConfigurationIsVisible = 0;
			defaultConfigurationName = Release;
		};
		C4FC958F2AC2681B004F6C4D /* Build configuration list for PBXNativeTarget "RickAndMorty" */ = {
			isa = XCConfigurationList;
			buildConfigurations = (
				C4FC95902AC2681B004F6C4D /* Debug */,
				C4FC95912AC2681B004F6C4D /* Release */,
			);
			defaultConfigurationIsVisible = 0;
			defaultConfigurationName = Release;
		};
		C4FC95922AC2681B004F6C4D /* Build configuration list for PBXNativeTarget "RickAndMortyTests" */ = {
			isa = XCConfigurationList;
			buildConfigurations = (
				C4FC95932AC2681B004F6C4D /* Debug */,
				C4FC95942AC2681B004F6C4D /* Release */,
			);
			defaultConfigurationIsVisible = 0;
			defaultConfigurationName = Release;
		};
		C4FC95952AC2681B004F6C4D /* Build configuration list for PBXNativeTarget "RickAndMortyUITests" */ = {
			isa = XCConfigurationList;
			buildConfigurations = (
				C4FC95962AC2681B004F6C4D /* Debug */,
				C4FC95972AC2681B004F6C4D /* Release */,
			);
			defaultConfigurationIsVisible = 0;
			defaultConfigurationName = Release;
		};
/* End XCConfigurationList section */
	};
	rootObject = C4FC95632AC26819004F6C4D /* Project object */;
}
